
Microsoft Visual Studio Solution File, Format Version 12.00
# Visual Studio Version 17
VisualStudioVersion = 17.13.35825.156 d17.13
MinimumVisualStudioVersion = 10.0.40219.1
Project("{FAE04EC0-301F-11D3-BF4B-00C04F79EFBC}") = "QLSV_3layers", "QLSV_3layers\QLSV_3layers.csproj", "{929F0FBD-D423-4E2A-B814-2322C206503D}"
EndProject
Global
	GlobalSection(SolutionConfigurationPlatforms) = preSolution
		Debug|Any CPU = Debug|Any CPU
		Release|Any CPU = Release|Any CPU
	EndGlobalSection
	GlobalSection(ProjectConfigurationPlatforms) = postSolution
		{929F0FBD-D423-4E2A-B814-2322C206503D}.Debug|Any CPU.ActiveCfg = Debug|Any CPU
		{929F0FBD-D423-4E2A-B814-2322C206503D}.Debug|Any CPU.Build.0 = Debug|Any CPU
		{929F0FBD-D423-4E2A-B814-2322C206503D}.Release|Any CPU.ActiveCfg = Release|Any CPU
		{929F0FBD-D423-4E2A-B814-2322C206503D}.Release|Any CPU.Build.0 = Release|Any CPU
	EndGlobalSection
	GlobalSection(SolutionProperties) = preSolution
		HideSolutionNode = FALSE
	EndGlobalSection
	GlobalSection(ExtensibilityGlobals) = postSolution
		SolutionGuid = {5CDEFE1C-C2CC-4267-A2A1-C872E9A7D976}
	EndGlobalSection
EndGlobal
